
Microsoft Visual Studio Solution File, Format Version 12.00
# Visual Studio Version 16
VisualStudioVersion = 16.0.31424.327
MinimumVisualStudioVersion = 10.0.40219.1
Project("{9A19103F-16F7-4668-BE54-9A1E7A4F7556}") = "01-SonarSweep", "01-SonarSweep\01-SonarSweep.csproj", "{161C4542-2516-4364-B5B3-C79E0C8001AB}"
EndProject
Project("{9A19103F-16F7-4668-BE54-9A1E7A4F7556}") = "02-Dive", "02-Dive\02-Dive.csproj", "{807370BF-A47A-4D73-A25B-F528AD87F680}"
EndProject
Project("{9A19103F-16F7-4668-BE54-9A1E7A4F7556}") = "03-BinaryDiagnostic", "03-BinaryDiagnostic\03-BinaryDiagnostic.csproj", "{29D745A8-8D41-40F7-9CE9-8B2A42A32C49}"
EndProject
Project("{9A19103F-16F7-4668-BE54-9A1E7A4F7556}") = "04-GiantSquid", "04-GiantSquid\04-GiantSquid.csproj", "{F727F061-1F76-47D1-A96A-2A999B58EA14}"
EndProject
Project("{9A19103F-16F7-4668-BE54-9A1E7A4F7556}") = "05-HydrothermalVenture", "05-HydrothermalVenture\05-HydrothermalVenture.csproj", "{F60C280C-9B2B-49BC-B994-779C7889B7CF}"
EndProject
Project("{9A19103F-16F7-4668-BE54-9A1E7A4F7556}") = "06-Lanternfish", "06-Lanternfish\06-Lanternfish.csproj", "{1BDB8A9C-004A-406C-8AF8-D9A102F86FFE}"
EndProject
Project("{9A19103F-16F7-4668-BE54-9A1E7A4F7556}") = "07-TheTreacheryOfWhales", "07-TheTreacheryOfWhales\07-TheTreacheryOfWhales.csproj", "{7AA9B4E7-9ECB-49B1-98CC-8966C458C20E}"
EndProject
Project("{9A19103F-16F7-4668-BE54-9A1E7A4F7556}") = "08-SevenSegmentSearch", "08-SevenSegmentSearch\08-SevenSegmentSearch.csproj", "{2D850862-74C8-48EF-816B-BB4BD4F59CE3}"
EndProject
Project("{9A19103F-16F7-4668-BE54-9A1E7A4F7556}") = "09-SmokeBasin", "09-SmokeBasin\09-SmokeBasin.csproj", "{E067592E-1758-46CB-9441-181B762DA6A1}"
EndProject
Project("{9A19103F-16F7-4668-BE54-9A1E7A4F7556}") = "10-SyntaxScoring", "10-SyntaxScoring\10-SyntaxScoring.csproj", "{CED7724F-FFBD-4CAA-B2D5-017178F5EB60}"
EndProject
Project("{9A19103F-16F7-4668-BE54-9A1E7A4F7556}") = "11-DumboOctopus", "11-DumboOctopus\11-DumboOctopus.csproj", "{9A13E6CF-0BCB-43AD-835A-1841FDC8EF3C}"
EndProject
Project("{9A19103F-16F7-4668-BE54-9A1E7A4F7556}") = "12-PassagePathing", "12-PassagePathing\12-PassagePathing.csproj", "{40D7E0A2-D618-4850-9DBF-34EDB2290B58}"
EndProject
Project("{9A19103F-16F7-4668-BE54-9A1E7A4F7556}") = "13-TransparentOrigami", "13-TransparentOrigami\13-TransparentOrigami.csproj", "{254A9331-0E5B-4EA0-9636-E6C8C3C58673}"
EndProject
Project("{9A19103F-16F7-4668-BE54-9A1E7A4F7556}") = "14-ExtendedPolymerization", "14-ExtendedPolymerization\14-ExtendedPolymerization.csproj", "{5151C050-709D-47C9-9319-1035DE295472}"
EndProject
Project("{9A19103F-16F7-4668-BE54-9A1E7A4F7556}") = "15-Chiton", "15-Chiton\15-Chiton.csproj", "{CD896AA9-8A47-4A5E-AEFD-B6898B419A0D}"
EndProject
Project("{9A19103F-16F7-4668-BE54-9A1E7A4F7556}") = "16-PacketDecoder", "16-PacketDecoder\16-PacketDecoder.csproj", "{EAD51E15-ED90-4114-9093-2AD7B3B04DE4}"
EndProject
Project("{9A19103F-16F7-4668-BE54-9A1E7A4F7556}") = "17-TrickShot", "17-TrickShot\17-TrickShot.csproj", "{258AFD19-7B08-4A9F-BF64-96F0EA0A5820}"
EndProject
Project("{FAE04EC0-301F-11D3-BF4B-00C04F79EFBC}") = "18-Snailfish", "18-Snailfish\18-Snailfish.csproj", "{5B32ECFB-2D36-4580-8EB6-4BB24B13C3D7}"
EndProject
Project("{FAE04EC0-301F-11D3-BF4B-00C04F79EFBC}") = "19-BeaconScanner", "19-BeaconScanner\19-BeaconScanner.csproj", "{93A19440-5357-4A7E-A955-70748E15E05A}"
EndProject
Project("{FAE04EC0-301F-11D3-BF4B-00C04F79EFBC}") = "20-TrenchMap", "20-TrenchMap\20-TrenchMap.csproj", "{769F0447-085B-4E9E-A1BC-9ADD9EF927A8}"
EndProject
Project("{FAE04EC0-301F-11D3-BF4B-00C04F79EFBC}") = "21-DiracDice", "21-DiracDice\21-DiracDice.csproj", "{8170590B-2409-4C8E-8A55-6950BA9B9417}"
EndProject
Global
	GlobalSection(SolutionConfigurationPlatforms) = preSolution
		Debug|Any CPU = Debug|Any CPU
		Release|Any CPU = Release|Any CPU
	EndGlobalSection
	GlobalSection(ProjectConfigurationPlatforms) = postSolution
		{161C4542-2516-4364-B5B3-C79E0C8001AB}.Debug|Any CPU.ActiveCfg = Debug|Any CPU
		{161C4542-2516-4364-B5B3-C79E0C8001AB}.Debug|Any CPU.Build.0 = Debug|Any CPU
		{161C4542-2516-4364-B5B3-C79E0C8001AB}.Release|Any CPU.ActiveCfg = Release|Any CPU
		{161C4542-2516-4364-B5B3-C79E0C8001AB}.Release|Any CPU.Build.0 = Release|Any CPU
		{807370BF-A47A-4D73-A25B-F528AD87F680}.Debug|Any CPU.ActiveCfg = Debug|Any CPU
		{807370BF-A47A-4D73-A25B-F528AD87F680}.Debug|Any CPU.Build.0 = Debug|Any CPU
		{807370BF-A47A-4D73-A25B-F528AD87F680}.Release|Any CPU.ActiveCfg = Release|Any CPU
		{807370BF-A47A-4D73-A25B-F528AD87F680}.Release|Any CPU.Build.0 = Release|Any CPU
		{29D745A8-8D41-40F7-9CE9-8B2A42A32C49}.Debug|Any CPU.ActiveCfg = Debug|Any CPU
		{29D745A8-8D41-40F7-9CE9-8B2A42A32C49}.Debug|Any CPU.Build.0 = Debug|Any CPU
		{29D745A8-8D41-40F7-9CE9-8B2A42A32C49}.Release|Any CPU.ActiveCfg = Release|Any CPU
		{29D745A8-8D41-40F7-9CE9-8B2A42A32C49}.Release|Any CPU.Build.0 = Release|Any CPU
		{F727F061-1F76-47D1-A96A-2A999B58EA14}.Debug|Any CPU.ActiveCfg = Debug|Any CPU
		{F727F061-1F76-47D1-A96A-2A999B58EA14}.Debug|Any CPU.Build.0 = Debug|Any CPU
		{F727F061-1F76-47D1-A96A-2A999B58EA14}.Release|Any CPU.ActiveCfg = Release|Any CPU
		{F727F061-1F76-47D1-A96A-2A999B58EA14}.Release|Any CPU.Build.0 = Release|Any CPU
		{F60C280C-9B2B-49BC-B994-779C7889B7CF}.Debug|Any CPU.ActiveCfg = Debug|Any CPU
		{F60C280C-9B2B-49BC-B994-779C7889B7CF}.Debug|Any CPU.Build.0 = Debug|Any CPU
		{F60C280C-9B2B-49BC-B994-779C7889B7CF}.Release|Any CPU.ActiveCfg = Release|Any CPU
		{F60C280C-9B2B-49BC-B994-779C7889B7CF}.Release|Any CPU.Build.0 = Release|Any CPU
		{1BDB8A9C-004A-406C-8AF8-D9A102F86FFE}.Debug|Any CPU.ActiveCfg = Debug|Any CPU
		{1BDB8A9C-004A-406C-8AF8-D9A102F86FFE}.Debug|Any CPU.Build.0 = Debug|Any CPU
		{1BDB8A9C-004A-406C-8AF8-D9A102F86FFE}.Release|Any CPU.ActiveCfg = Release|Any CPU
		{1BDB8A9C-004A-406C-8AF8-D9A102F86FFE}.Release|Any CPU.Build.0 = Release|Any CPU
		{7AA9B4E7-9ECB-49B1-98CC-8966C458C20E}.Debug|Any CPU.ActiveCfg = Debug|Any CPU
		{7AA9B4E7-9ECB-49B1-98CC-8966C458C20E}.Debug|Any CPU.Build.0 = Debug|Any CPU
		{7AA9B4E7-9ECB-49B1-98CC-8966C458C20E}.Release|Any CPU.ActiveCfg = Release|Any CPU
		{7AA9B4E7-9ECB-49B1-98CC-8966C458C20E}.Release|Any CPU.Build.0 = Release|Any CPU
		{2D850862-74C8-48EF-816B-BB4BD4F59CE3}.Debug|Any CPU.ActiveCfg = Debug|Any CPU
		{2D850862-74C8-48EF-816B-BB4BD4F59CE3}.Debug|Any CPU.Build.0 = Debug|Any CPU
		{2D850862-74C8-48EF-816B-BB4BD4F59CE3}.Release|Any CPU.ActiveCfg = Release|Any CPU
		{2D850862-74C8-48EF-816B-BB4BD4F59CE3}.Release|Any CPU.Build.0 = Release|Any CPU
		{E067592E-1758-46CB-9441-181B762DA6A1}.Debug|Any CPU.ActiveCfg = Debug|Any CPU
		{E067592E-1758-46CB-9441-181B762DA6A1}.Debug|Any CPU.Build.0 = Debug|Any CPU
		{E067592E-1758-46CB-9441-181B762DA6A1}.Release|Any CPU.ActiveCfg = Release|Any CPU
		{E067592E-1758-46CB-9441-181B762DA6A1}.Release|Any CPU.Build.0 = Release|Any CPU
		{CED7724F-FFBD-4CAA-B2D5-017178F5EB60}.Debug|Any CPU.ActiveCfg = Debug|Any CPU
		{CED7724F-FFBD-4CAA-B2D5-017178F5EB60}.Debug|Any CPU.Build.0 = Debug|Any CPU
		{CED7724F-FFBD-4CAA-B2D5-017178F5EB60}.Release|Any CPU.ActiveCfg = Release|Any CPU
		{CED7724F-FFBD-4CAA-B2D5-017178F5EB60}.Release|Any CPU.Build.0 = Release|Any CPU
		{9A13E6CF-0BCB-43AD-835A-1841FDC8EF3C}.Debug|Any CPU.ActiveCfg = Debug|Any CPU
		{9A13E6CF-0BCB-43AD-835A-1841FDC8EF3C}.Debug|Any CPU.Build.0 = Debug|Any CPU
		{9A13E6CF-0BCB-43AD-835A-1841FDC8EF3C}.Release|Any CPU.ActiveCfg = Release|Any CPU
		{9A13E6CF-0BCB-43AD-835A-1841FDC8EF3C}.Release|Any CPU.Build.0 = Release|Any CPU
		{40D7E0A2-D618-4850-9DBF-34EDB2290B58}.Debug|Any CPU.ActiveCfg = Debug|Any CPU
		{40D7E0A2-D618-4850-9DBF-34EDB2290B58}.Debug|Any CPU.Build.0 = Debug|Any CPU
		{40D7E0A2-D618-4850-9DBF-34EDB2290B58}.Release|Any CPU.ActiveCfg = Release|Any CPU
		{40D7E0A2-D618-4850-9DBF-34EDB2290B58}.Release|Any CPU.Build.0 = Release|Any CPU
		{254A9331-0E5B-4EA0-9636-E6C8C3C58673}.Debug|Any CPU.ActiveCfg = Debug|Any CPU
		{254A9331-0E5B-4EA0-9636-E6C8C3C58673}.Debug|Any CPU.Build.0 = Debug|Any CPU
		{254A9331-0E5B-4EA0-9636-E6C8C3C58673}.Release|Any CPU.ActiveCfg = Release|Any CPU
		{254A9331-0E5B-4EA0-9636-E6C8C3C58673}.Release|Any CPU.Build.0 = Release|Any CPU
		{5151C050-709D-47C9-9319-1035DE295472}.Debug|Any CPU.ActiveCfg = Debug|Any CPU
		{5151C050-709D-47C9-9319-1035DE295472}.Debug|Any CPU.Build.0 = Debug|Any CPU
		{5151C050-709D-47C9-9319-1035DE295472}.Release|Any CPU.ActiveCfg = Release|Any CPU
		{5151C050-709D-47C9-9319-1035DE295472}.Release|Any CPU.Build.0 = Release|Any CPU
		{CD896AA9-8A47-4A5E-AEFD-B6898B419A0D}.Debug|Any CPU.ActiveCfg = Debug|Any CPU
		{CD896AA9-8A47-4A5E-AEFD-B6898B419A0D}.Debug|Any CPU.Build.0 = Debug|Any CPU
		{CD896AA9-8A47-4A5E-AEFD-B6898B419A0D}.Release|Any CPU.ActiveCfg = Release|Any CPU
		{CD896AA9-8A47-4A5E-AEFD-B6898B419A0D}.Release|Any CPU.Build.0 = Release|Any CPU
		{EAD51E15-ED90-4114-9093-2AD7B3B04DE4}.Debug|Any CPU.ActiveCfg = Debug|Any CPU
		{EAD51E15-ED90-4114-9093-2AD7B3B04DE4}.Debug|Any CPU.Build.0 = Debug|Any CPU
		{EAD51E15-ED90-4114-9093-2AD7B3B04DE4}.Release|Any CPU.ActiveCfg = Release|Any CPU
		{EAD51E15-ED90-4114-9093-2AD7B3B04DE4}.Release|Any CPU.Build.0 = Release|Any CPU
		{258AFD19-7B08-4A9F-BF64-96F0EA0A5820}.Debug|Any CPU.ActiveCfg = Debug|Any CPU
		{258AFD19-7B08-4A9F-BF64-96F0EA0A5820}.Debug|Any CPU.Build.0 = Debug|Any CPU
		{258AFD19-7B08-4A9F-BF64-96F0EA0A5820}.Release|Any CPU.ActiveCfg = Release|Any CPU
		{258AFD19-7B08-4A9F-BF64-96F0EA0A5820}.Release|Any CPU.Build.0 = Release|Any CPU
		{5B32ECFB-2D36-4580-8EB6-4BB24B13C3D7}.Debug|Any CPU.ActiveCfg = Debug|Any CPU
		{5B32ECFB-2D36-4580-8EB6-4BB24B13C3D7}.Debug|Any CPU.Build.0 = Debug|Any CPU
		{5B32ECFB-2D36-4580-8EB6-4BB24B13C3D7}.Release|Any CPU.ActiveCfg = Release|Any CPU
		{5B32ECFB-2D36-4580-8EB6-4BB24B13C3D7}.Release|Any CPU.Build.0 = Release|Any CPU
		{93A19440-5357-4A7E-A955-70748E15E05A}.Debug|Any CPU.ActiveCfg = Debug|Any CPU
		{93A19440-5357-4A7E-A955-70748E15E05A}.Debug|Any CPU.Build.0 = Debug|Any CPU
		{93A19440-5357-4A7E-A955-70748E15E05A}.Release|Any CPU.ActiveCfg = Release|Any CPU
		{93A19440-5357-4A7E-A955-70748E15E05A}.Release|Any CPU.Build.0 = Release|Any CPU
		{769F0447-085B-4E9E-A1BC-9ADD9EF927A8}.Debug|Any CPU.ActiveCfg = Debug|Any CPU
		{769F0447-085B-4E9E-A1BC-9ADD9EF927A8}.Debug|Any CPU.Build.0 = Debug|Any CPU
		{769F0447-085B-4E9E-A1BC-9ADD9EF927A8}.Release|Any CPU.ActiveCfg = Release|Any CPU
		{769F0447-085B-4E9E-A1BC-9ADD9EF927A8}.Release|Any CPU.Build.0 = Release|Any CPU
		{8170590B-2409-4C8E-8A55-6950BA9B9417}.Debug|Any CPU.ActiveCfg = Debug|Any CPU
		{8170590B-2409-4C8E-8A55-6950BA9B9417}.Debug|Any CPU.Build.0 = Debug|Any CPU
		{8170590B-2409-4C8E-8A55-6950BA9B9417}.Release|Any CPU.ActiveCfg = Release|Any CPU
		{8170590B-2409-4C8E-8A55-6950BA9B9417}.Release|Any CPU.Build.0 = Release|Any CPU
	EndGlobalSection
	GlobalSection(SolutionProperties) = preSolution
		HideSolutionNode = FALSE
	EndGlobalSection
	GlobalSection(ExtensibilityGlobals) = postSolution
		SolutionGuid = {BB89218E-5DE8-443E-B477-EBB6748A14FA}
	EndGlobalSection
EndGlobal
