
Microsoft Visual Studio Solution File, Format Version 12.00
# Visual Studio Version 16
VisualStudioVersion = 16.0.31424.327
MinimumVisualStudioVersion = 10.0.40219.1
Project("{9A19103F-16F7-4668-BE54-9A1E7A4F7556}") = "01-SonarSweep", "01-SonarSweep\01-SonarSweep.csproj", "{161C4542-2516-4364-B5B3-C79E0C8001AB}"
EndProject
Project("{9A19103F-16F7-4668-BE54-9A1E7A4F7556}") = "02-Dive", "02-Dive\02-Dive.csproj", "{807370BF-A47A-4D73-A25B-F528AD87F680}"
EndProject
Project("{9A19103F-16F7-4668-BE54-9A1E7A4F7556}") = "03-BinaryDiagnostic", "03-BinaryDiagnostic\03-BinaryDiagnostic.csproj", "{29D745A8-8D41-40F7-9CE9-8B2A42A32C49}"
EndProject
Project("{9A19103F-16F7-4668-BE54-9A1E7A4F7556}") = "04-GiantSquid", "04-GiantSquid\04-GiantSquid.csproj", "{F727F061-1F76-47D1-A96A-2A999B58EA14}"
EndProject
Project("{9A19103F-16F7-4668-BE54-9A1E7A4F7556}") = "05-HydrothermalVenture", "05-HydrothermalVenture\05-HydrothermalVenture.csproj", "{F60C280C-9B2B-49BC-B994-779C7889B7CF}"
EndProject
Project("{9A19103F-16F7-4668-BE54-9A1E7A4F7556}") = "06-Lanternfish", "06-Lanternfish\06-Lanternfish.csproj", "{1BDB8A9C-004A-406C-8AF8-D9A102F86FFE}"
EndProject
Project("{9A19103F-16F7-4668-BE54-9A1E7A4F7556}") = "07-TheTreacheryOfWhales", "07-TheTreacheryOfWhales\07-TheTreacheryOfWhales.csproj", "{7AA9B4E7-9ECB-49B1-98CC-8966C458C20E}"
EndProject
Project("{9A19103F-16F7-4668-BE54-9A1E7A4F7556}") = "08-SevenSegmentSearch", "08-SevenSegmentSearch\08-SevenSegmentSearch.csproj", "{2D850862-74C8-48EF-816B-BB4BD4F59CE3}"
EndProject
Project("{FAE04EC0-301F-11D3-BF4B-00C04F79EFBC}") = "09-SmokeBasin", "09-SmokeBasin\09-SmokeBasin.csproj", "{E067592E-1758-46CB-9441-181B762DA6A1}"
EndProject
Global
	GlobalSection(SolutionConfigurationPlatforms) = preSolution
		Debug|Any CPU = Debug|Any CPU
		Release|Any CPU = Release|Any CPU
	EndGlobalSection
	GlobalSection(ProjectConfigurationPlatforms) = postSolution
		{161C4542-2516-4364-B5B3-C79E0C8001AB}.Debug|Any CPU.ActiveCfg = Debug|Any CPU
		{161C4542-2516-4364-B5B3-C79E0C8001AB}.Debug|Any CPU.Build.0 = Debug|Any CPU
		{161C4542-2516-4364-B5B3-C79E0C8001AB}.Release|Any CPU.ActiveCfg = Release|Any CPU
		{161C4542-2516-4364-B5B3-C79E0C8001AB}.Release|Any CPU.Build.0 = Release|Any CPU
		{807370BF-A47A-4D73-A25B-F528AD87F680}.Debug|Any CPU.ActiveCfg = Debug|Any CPU
		{807370BF-A47A-4D73-A25B-F528AD87F680}.Debug|Any CPU.Build.0 = Debug|Any CPU
		{807370BF-A47A-4D73-A25B-F528AD87F680}.Release|Any CPU.ActiveCfg = Release|Any CPU
		{807370BF-A47A-4D73-A25B-F528AD87F680}.Release|Any CPU.Build.0 = Release|Any CPU
		{29D745A8-8D41-40F7-9CE9-8B2A42A32C49}.Debug|Any CPU.ActiveCfg = Debug|Any CPU
		{29D745A8-8D41-40F7-9CE9-8B2A42A32C49}.Debug|Any CPU.Build.0 = Debug|Any CPU
		{29D745A8-8D41-40F7-9CE9-8B2A42A32C49}.Release|Any CPU.ActiveCfg = Release|Any CPU
		{29D745A8-8D41-40F7-9CE9-8B2A42A32C49}.Release|Any CPU.Build.0 = Release|Any CPU
		{F727F061-1F76-47D1-A96A-2A999B58EA14}.Debug|Any CPU.ActiveCfg = Debug|Any CPU
		{F727F061-1F76-47D1-A96A-2A999B58EA14}.Debug|Any CPU.Build.0 = Debug|Any CPU
		{F727F061-1F76-47D1-A96A-2A999B58EA14}.Release|Any CPU.ActiveCfg = Release|Any CPU
		{F727F061-1F76-47D1-A96A-2A999B58EA14}.Release|Any CPU.Build.0 = Release|Any CPU
		{F60C280C-9B2B-49BC-B994-779C7889B7CF}.Debug|Any CPU.ActiveCfg = Debug|Any CPU
		{F60C280C-9B2B-49BC-B994-779C7889B7CF}.Debug|Any CPU.Build.0 = Debug|Any CPU
		{F60C280C-9B2B-49BC-B994-779C7889B7CF}.Release|Any CPU.ActiveCfg = Release|Any CPU
		{F60C280C-9B2B-49BC-B994-779C7889B7CF}.Release|Any CPU.Build.0 = Release|Any CPU
		{1BDB8A9C-004A-406C-8AF8-D9A102F86FFE}.Debug|Any CPU.ActiveCfg = Debug|Any CPU
		{1BDB8A9C-004A-406C-8AF8-D9A102F86FFE}.Debug|Any CPU.Build.0 = Debug|Any CPU
		{1BDB8A9C-004A-406C-8AF8-D9A102F86FFE}.Release|Any CPU.ActiveCfg = Release|Any CPU
		{1BDB8A9C-004A-406C-8AF8-D9A102F86FFE}.Release|Any CPU.Build.0 = Release|Any CPU
		{7AA9B4E7-9ECB-49B1-98CC-8966C458C20E}.Debug|Any CPU.ActiveCfg = Debug|Any CPU
		{7AA9B4E7-9ECB-49B1-98CC-8966C458C20E}.Debug|Any CPU.Build.0 = Debug|Any CPU
		{7AA9B4E7-9ECB-49B1-98CC-8966C458C20E}.Release|Any CPU.ActiveCfg = Release|Any CPU
		{7AA9B4E7-9ECB-49B1-98CC-8966C458C20E}.Release|Any CPU.Build.0 = Release|Any CPU
		{2D850862-74C8-48EF-816B-BB4BD4F59CE3}.Debug|Any CPU.ActiveCfg = Debug|Any CPU
		{2D850862-74C8-48EF-816B-BB4BD4F59CE3}.Debug|Any CPU.Build.0 = Debug|Any CPU
		{2D850862-74C8-48EF-816B-BB4BD4F59CE3}.Release|Any CPU.ActiveCfg = Release|Any CPU
		{2D850862-74C8-48EF-816B-BB4BD4F59CE3}.Release|Any CPU.Build.0 = Release|Any CPU
		{E067592E-1758-46CB-9441-181B762DA6A1}.Debug|Any CPU.ActiveCfg = Debug|Any CPU
		{E067592E-1758-46CB-9441-181B762DA6A1}.Debug|Any CPU.Build.0 = Debug|Any CPU
		{E067592E-1758-46CB-9441-181B762DA6A1}.Release|Any CPU.ActiveCfg = Release|Any CPU
		{E067592E-1758-46CB-9441-181B762DA6A1}.Release|Any CPU.Build.0 = Release|Any CPU
	EndGlobalSection
	GlobalSection(SolutionProperties) = preSolution
		HideSolutionNode = FALSE
	EndGlobalSection
	GlobalSection(ExtensibilityGlobals) = postSolution
		SolutionGuid = {BB89218E-5DE8-443E-B477-EBB6748A14FA}
	EndGlobalSection
EndGlobal
